
Microsoft Visual Studio Solution File, Format Version 12.00
# Visual Studio Version 16
VisualStudioVersion = 16.0.31402.337
MinimumVisualStudioVersion = 10.0.40219.1
Project("{FAE04EC0-301F-11D3-BF4B-00C04F79EFBC}") = "LastEpochBuildPlanner", "LastEpochBuildPlanner.csproj", "{679F0F1B-BB2F-4218-896C-E096676E4ED0}"
EndProject
Global
	GlobalSection(SolutionConfigurationPlatforms) = preSolution
		Debug|Any CPU = Debug|Any CPU
		Release|Any CPU = Release|Any CPU
	EndGlobalSection
	GlobalSection(ProjectConfigurationPlatforms) = postSolution
		{679F0F1B-BB2F-4218-896C-E096676E4ED0}.Debug|Any CPU.ActiveCfg = Debug|Any CPU
		{679F0F1B-BB2F-4218-896C-E096676E4ED0}.Debug|Any CPU.Build.0 = Debug|Any CPU
		{679F0F1B-BB2F-4218-896C-E096676E4ED0}.Release|Any CPU.ActiveCfg = Release|Any CPU
		{679F0F1B-BB2F-4218-896C-E096676E4ED0}.Release|Any CPU.Build.0 = Release|Any CPU
	EndGlobalSection
	GlobalSection(SolutionProperties) = preSolution
		HideSolutionNode = FALSE
	EndGlobalSection
	GlobalSection(ExtensibilityGlobals) = postSolution
		SolutionGuid = {605AF9E8-1EB3-4A54-A643-582FCB231E0F}
	EndGlobalSection
EndGlobal
